github.com/go-sphere/jsoncompressor v0.0.3 h1:Jpdw5vWK5ZDtyd5KQbxvZqOOipgiGW++HCRunIP6vKo=
github.com/go-sphere/jsoncompressor v0.0.3/go.mod h1:VtfZrSqHNlVWsPO+7U/CGEf7JhfMdEqj/ntquQHNlT0=
github.com/go-telegram/bot v1.27.0 h1:PG9yBDzM8O26oUerE9SZwWlHon4RpH8WcNslZ7CEZmE=
github.com/go-telegram/bot v1.27.0/go.mod h1:i2TRs7fXWIeaceF3z7KzsMt/he0TwkVC680mvdTFYeM=
github.com/telegram-mini-apps/init-data-golang v1.5.0 h1:rtpsmQ/nihkicPvnrdRXmHHtTnPvG1FmxMRZJwMKPz0=
github.com/telegram-mini-apps/init-data-golang v1.5.0/go.mod h1:GG4HnRx9ocjD4MjjzOw7gf9Ptm0NvFbDr5xqnfFOYuY=
golang.org/x/sync v0.23.0 h1:KameEIfc1IkluZyXWLn39Wd4tURc6GbCiISGiZm2bQk=
golang.org/x/sync v0.23.0/go.mod h1:sUUOizhqBxiL6pEWpqNLUiaJn1ShEbZ6BBqskPbjZm0=
golang.org/x/time v0.16.0 h1:vMb6ptszcQMkcwiRTAuNNU50gom6++Q/6gY2hDM6VDE=
golang.org/x/time v0.16.0/go.mod h1:rVKOqvZeKvrDKTQiAHJ7wmwP0RzleSphoEA9RcdLA0s=
